// !$*UTF8*$!
{
	archiveVersion = 1;
	classes = {
	};
	objectVersion = 46;
	objects = {

/* Begin PBXBuildFile section */
		4E1B66D617BFF95900D47D39 /* UIKit.framework in Frameworks */ = {isa = PBXBuildFile; fileRef = 4E1B66D517BFF95900D47D39 /* UIKit.framework */; };
		4E1B66D817BFF95900D47D39 /* Foundation.framework in Frameworks */ = {isa = PBXBuildFile; fileRef = 4E1B66D717BFF95900D47D39 /* Foundation.framework */; };
		4E1B66DA17BFF95900D47D39 /* CoreGraphics.framework in Frameworks */ = {isa = PBXBuildFile; fileRef = 4E1B66D917BFF95900D47D39 /* CoreGraphics.framework */; };
		4E1B66DC17BFF95900D47D39 /* CoreData.framework in Frameworks */ = {isa = PBXBuildFile; fileRef = 4E1B66DB17BFF95900D47D39 /* CoreData.framework */; };
		4E1B66E217BFF95900D47D39 /* InfoPlist.strings in Resources */ = {isa = PBXBuildFile; fileRef = 4E1B66E017BFF95900D47D39 /* InfoPlist.strings */; };
		4E1B66E417BFF95900D47D39 /* main.m in Sources */ = {isa = PBXBuildFile; fileRef = 4E1B66E317BFF95900D47D39 /* main.m */; };
		4E1B66E817BFF95900D47D39 /* WCGAppDelegate.m in Sources */ = {isa = PBXBuildFile; fileRef = 4E1B66E717BFF95900D47D39 /* WCGAppDelegate.m */; };
		4E1B66EA17BFF95900D47D39 /* Default.png in Resources */ = {isa = PBXBuildFile; fileRef = 4E1B66E917BFF95900D47D39 /* Default.png */; };
		4E1B66EC17BFF95900D47D39 /* Default@2x.png in Resources */ = {isa = PBXBuildFile; fileRef = 4E1B66EB17BFF95900D47D39 /* Default@2x.png */; };
		4E1B66EE17BFF95900D47D39 /* Default-568h@2x.png in Resources */ = {isa = PBXBuildFile; fileRef = 4E1B66ED17BFF95900D47D39 /* Default-568h@2x.png */; };
		4E1B66F117BFF95900D47D39 /* World_Cities_Game.xcdatamodeld in Sources */ = {isa = PBXBuildFile; fileRef = 4E1B66EF17BFF95900D47D39 /* World_Cities_Game.xcdatamodeld */; };
		4E1B66FA17BFF98300D47D39 /* WCGMapViewController.m in Sources */ = {isa = PBXBuildFile; fileRef = 4E1B66F817BFF98300D47D39 /* WCGMapViewController.m */; };
		4E1B66FB17BFF98300D47D39 /* WCGMapViewController.xib in Resources */ = {isa = PBXBuildFile; fileRef = 4E1B66F917BFF98300D47D39 /* WCGMapViewController.xib */; };
		4E1B66FD17BFFA1600D47D39 /* MapKit.framework in Frameworks */ = {isa = PBXBuildFile; fileRef = 4E1B66FC17BFFA1600D47D39 /* MapKit.framework */; };
		4E1B671217C0F6FA00D47D39 /* CoreLocation.framework in Frameworks */ = {isa = PBXBuildFile; fileRef = 4E1B671117C0F6FA00D47D39 /* CoreLocation.framework */; };
		4E1B671417C2A43900D47D39 /* store.wolrdcitiesgame in Resources */ = {isa = PBXBuildFile; fileRef = 4E1B671317C2A43900D47D39 /* store.wolrdcitiesgame */; };
		4EA4D07417C7E78F002C197A /* WCGStartViewController.m in Sources */ = {isa = PBXBuildFile; fileRef = 4EA4D07217C7E78F002C197A /* WCGStartViewController.m */; };
		4EA4D07517C7E78F002C197A /* WCGStartViewController.xib in Resources */ = {isa = PBXBuildFile; fileRef = 4EA4D07317C7E78F002C197A /* WCGStartViewController.xib */; };
		4EF120AB17CBE073007B651D /* WCGRegionsViewController.m in Sources */ = {isa = PBXBuildFile; fileRef = 4EF120A917CBE073007B651D /* WCGRegionsViewController.m */; };
		4EF120AC17CBE073007B651D /* WCGRegionsViewController.xib in Resources */ = {isa = PBXBuildFile; fileRef = 4EF120AA17CBE073007B651D /* WCGRegionsViewController.xib */; };
		4EF120AF17CCBE13007B651D /* WCGWorldStore.m in Sources */ = {isa = PBXBuildFile; fileRef = 4EF120AE17CCBE13007B651D /* WCGWorldStore.m */; };
		4EF120B217CDC7DB007B651D /* WCGRegion.m in Sources */ = {isa = PBXBuildFile; fileRef = 4EF120B117CDC7DB007B651D /* WCGRegion.m */; };
		4EF120B617CDF695007B651D /* WCGSettingsViewController.m in Sources */ = {isa = PBXBuildFile; fileRef = 4EF120B417CDF694007B651D /* WCGSettingsViewController.m */; };
		4EF120B717CDF695007B651D /* WCGSettingsViewController.xib in Resources */ = {isa = PBXBuildFile; fileRef = 4EF120B517CDF694007B651D /* WCGSettingsViewController.xib */; };
		4EF120C017CE00D0007B651D /* WCGSettings.m in Sources */ = {isa = PBXBuildFile; fileRef = 4EF120BF17CE00D0007B651D /* WCGSettings.m */; };
		4EF120C517CE154C007B651D /* WCGScoresViewController.m in Sources */ = {isa = PBXBuildFile; fileRef = 4EF120C317CE154C007B651D /* WCGScoresViewController.m */; };
		4EF120C617CE154C007B651D /* WCGScoresViewController.xib in Resources */ = {isa = PBXBuildFile; fileRef = 4EF120C417CE154C007B651D /* WCGScoresViewController.xib */; };
		4EF120D017CE183F007B651D /* WCGCountriesViewController.m in Sources */ = {isa = PBXBuildFile; fileRef = 4EF120CE17CE183F007B651D /* WCGCountriesViewController.m */; };
		4EF120D117CE183F007B651D /* WCGCountriesViewController.xib in Resources */ = {isa = PBXBuildFile; fileRef = 4EF120CF17CE183F007B651D /* WCGCountriesViewController.xib */; };
		4EF120E417CF542D007B651D /* WCGCountry.m in Sources */ = {isa = PBXBuildFile; fileRef = 4EF120E317CF542C007B651D /* WCGCountry.m */; };
		4EF120E717CF5456007B651D /* WCGCity.m in Sources */ = {isa = PBXBuildFile; fileRef = 4EF120E617CF5456007B651D /* WCGCity.m */; };
		4EF7B4AB17CA586D007A6A0C /* WCGBuyViewController.m in Sources */ = {isa = PBXBuildFile; fileRef = 4EF7B4A917CA586D007A6A0C /* WCGBuyViewController.m */; };
		4EF7B4AC17CA586D007A6A0C /* WCGBuyViewController.xib in Resources */ = {isa = PBXBuildFile; fileRef = 4EF7B4AA17CA586D007A6A0C /* WCGBuyViewController.xib */; };
		4EF7B4B517CA5896007A6A0C /* WCGTextViewController.m in Sources */ = {isa = PBXBuildFile; fileRef = 4EF7B4B317CA5895007A6A0C /* WCGTextViewController.m */; };
		4EF7B4B617CA5896007A6A0C /* WCGTextViewController.xib in Resources */ = {isa = PBXBuildFile; fileRef = 4EF7B4B417CA5896007A6A0C /* WCGTextViewController.xib */; };
/* End PBXBuildFile section */

/* Begin PBXFileReference section */
		4E1B66D217BFF95900D47D39 /* World Cities Game.app */ = {isa = PBXFileReference; explicitFileType = wrapper.application; includeInIndex = 0; path = "World Cities Game.app"; sourceTree = BUILT_PRODUCTS_DIR; };
		4E1B66D517BFF95900D47D39 /* UIKit.framework */ = {isa = PBXFileReference; lastKnownFileType = wrapper.framework; name = UIKit.framework; path = System/Library/Frameworks/UIKit.framework; sourceTree = SDKROOT; };
		4E1B66D717BFF95900D47D39 /* Foundation.framework */ = {isa = PBXFileReference; lastKnownFileType = wrapper.framework; name = Foundation.framework; path = System/Library/Frameworks/Foundation.framework; sourceTree = SDKROOT; };
		4E1B66D917BFF95900D47D39 /* CoreGraphics.framework */ = {isa = PBXFileReference; lastKnownFileType = wrapper.framework; name = CoreGraphics.framework; path = System/Library/Frameworks/CoreGraphics.framework; sourceTree = SDKROOT; };
		4E1B66DB17BFF95900D47D39 /* CoreData.framework */ = {isa = PBXFileReference; lastKnownFileType = wrapper.framework; name = CoreData.framework; path = System/Library/Frameworks/CoreData.framework; sourceTree = SDKROOT; };
		4E1B66DF17BFF95900D47D39 /* World Cities Game-Info.plist */ = {isa = PBXFileReference; lastKnownFileType = text.plist.xml; path = "World Cities Game-Info.plist"; sourceTree = "<group>"; };
		4E1B66E117BFF95900D47D39 /* en */ = {isa = PBXFileReference; lastKnownFileType = text.plist.strings; name = en; path = en.lproj/InfoPlist.strings; sourceTree = "<group>"; };
		4E1B66E317BFF95900D47D39 /* main.m */ = {isa = PBXFileReference; lastKnownFileType = sourcecode.c.objc; path = main.m; sourceTree = "<group>"; };
		4E1B66E517BFF95900D47D39 /* World Cities Game-Prefix.pch */ = {isa = PBXFileReference; lastKnownFileType = sourcecode.c.h; path = "World Cities Game-Prefix.pch"; sourceTree = "<group>"; };
		4E1B66E617BFF95900D47D39 /* WCGAppDelegate.h */ = {isa = PBXFileReference; lastKnownFileType = sourcecode.c.h; path = WCGAppDelegate.h; sourceTree = "<group>"; };
		4E1B66E717BFF95900D47D39 /* WCGAppDelegate.m */ = {isa = PBXFileReference; lastKnownFileType = sourcecode.c.objc; path = WCGAppDelegate.m; sourceTree = "<group>"; };
		4E1B66E917BFF95900D47D39 /* Default.png */ = {isa = PBXFileReference; lastKnownFileType = image.png; path = Default.png; sourceTree = "<group>"; };
		4E1B66EB17BFF95900D47D39 /* Default@2x.png */ = {isa = PBXFileReference; lastKnownFileType = image.png; path = "Default@2x.png"; sourceTree = "<group>"; };
		4E1B66ED17BFF95900D47D39 /* Default-568h@2x.png */ = {isa = PBXFileReference; lastKnownFileType = image.png; path = "Default-568h@2x.png"; sourceTree = "<group>"; };
		4E1B66F017BFF95900D47D39 /* World_Cities_Game.xcdatamodel */ = {isa = PBXFileReference; lastKnownFileType = wrapper.xcdatamodel; path = World_Cities_Game.xcdatamodel; sourceTree = "<group>"; };
		4E1B66F717BFF98300D47D39 /* WCGMapViewController.h */ = {isa = PBXFileReference; fileEncoding = 4; lastKnownFileType = sourcecode.c.h; path = WCGMapViewController.h; sourceTree = "<group>"; };
		4E1B66F817BFF98300D47D39 /* WCGMapViewController.m */ = {isa = PBXFileReference; fileEncoding = 4; lastKnownFileType = sourcecode.c.objc; path = WCGMapViewController.m; sourceTree = "<group>"; };
		4E1B66F917BFF98300D47D39 /* WCGMapViewController.xib */ = {isa = PBXFileReference; fileEncoding = 4; lastKnownFileType = file.xib; path = WCGMapViewController.xib; sourceTree = "<group>"; };
		4E1B66FC17BFFA1600D47D39 /* MapKit.framework */ = {isa = PBXFileReference; lastKnownFileType = wrapper.framework; name = MapKit.framework; path = System/Library/Frameworks/MapKit.framework; sourceTree = SDKROOT; };
		4E1B671117C0F6FA00D47D39 /* CoreLocation.framework */ = {isa = PBXFileReference; lastKnownFileType = wrapper.framework; name = CoreLocation.framework; path = System/Library/Frameworks/CoreLocation.framework; sourceTree = SDKROOT; };
		4E1B671317C2A43900D47D39 /* store.wolrdcitiesgame */ = {isa = PBXFileReference; lastKnownFileType = file; path = store.wolrdcitiesgame; sourceTree = "<group>"; };
		4EA4D07117C7E78F002C197A /* WCGStartViewController.h */ = {isa = PBXFileReference; fileEncoding = 4; lastKnownFileType = sourcecode.c.h; path = WCGStartViewController.h; sourceTree = "<group>"; };
		4EA4D07217C7E78F002C197A /* WCGStartViewController.m */ = {isa = PBXFileReference; fileEncoding = 4; lastKnownFileType = sourcecode.c.objc; path = WCGStartViewController.m; sourceTree = "<group>"; };
		4EA4D07317C7E78F002C197A /* WCGStartViewController.xib */ = {isa = PBXFileReference; fileEncoding = 4; lastKnownFileType = file.xib; path = WCGStartViewController.xib; sourceTree = "<group>"; };
		4EF120A817CBE073007B651D /* WCGRegionsViewController.h */ = {isa = PBXFileReference; fileEncoding = 4; lastKnownFileType = sourcecode.c.h; path = WCGRegionsViewController.h; sourceTree = "<group>"; };
		4EF120A917CBE073007B651D /* WCGRegionsViewController.m */ = {isa = PBXFileReference; fileEncoding = 4; lastKnownFileType = sourcecode.c.objc; path = WCGRegionsViewController.m; sourceTree = "<group>"; };
		4EF120AA17CBE073007B651D /* WCGRegionsViewController.xib */ = {isa = PBXFileReference; fileEncoding = 4; lastKnownFileType = file.xib; path = WCGRegionsViewController.xib; sourceTree = "<group>"; };
		4EF120AD17CCBE13007B651D /* WCGWorldStore.h */ = {isa = PBXFileReference; fileEncoding = 4; lastKnownFileType = sourcecode.c.h; path = WCGWorldStore.h; sourceTree = "<group>"; };
		4EF120AE17CCBE13007B651D /* WCGWorldStore.m */ = {isa = PBXFileReference; fileEncoding = 4; lastKnownFileType = sourcecode.c.objc; path = WCGWorldStore.m; sourceTree = "<group>"; };
		4EF120B017CDC7DB007B651D /* WCGRegion.h */ = {isa = PBXFileReference; fileEncoding = 4; lastKnownFileType = sourcecode.c.h; path = WCGRegion.h; sourceTree = "<group>"; };
		4EF120B117CDC7DB007B651D /* WCGRegion.m */ = {isa = PBXFileReference; fileEncoding = 4; lastKnownFileType = sourcecode.c.objc; path = WCGRegion.m; sourceTree = "<group>"; };
		4EF120B317CDF694007B651D /* WCGSettingsViewController.h */ = {isa = PBXFileReference; fileEncoding = 4; lastKnownFileType = sourcecode.c.h; path = WCGSettingsViewController.h; sourceTree = "<group>"; };
		4EF120B417CDF694007B651D /* WCGSettingsViewController.m */ = {isa = PBXFileReference; fileEncoding = 4; lastKnownFileType = sourcecode.c.objc; path = WCGSettingsViewController.m; sourceTree = "<group>"; };
		4EF120B517CDF694007B651D /* WCGSettingsViewController.xib */ = {isa = PBXFileReference; fileEncoding = 4; lastKnownFileType = file.xib; path = WCGSettingsViewController.xib; sourceTree = "<group>"; };
		4EF120BE17CE00D0007B651D /* WCGSettings.h */ = {isa = PBXFileReference; fileEncoding = 4; lastKnownFileType = sourcecode.c.h; path = WCGSettings.h; sourceTree = "<group>"; };
		4EF120BF17CE00D0007B651D /* WCGSettings.m */ = {isa = PBXFileReference; fileEncoding = 4; lastKnownFileType = sourcecode.c.objc; path = WCGSettings.m; sourceTree = "<group>"; };
		4EF120C217CE154C007B651D /* WCGScoresViewController.h */ = {isa = PBXFileReference; fileEncoding = 4; lastKnownFileType = sourcecode.c.h; path = WCGScoresViewController.h; sourceTree = "<group>"; };
		4EF120C317CE154C007B651D /* WCGScoresViewController.m */ = {isa = PBXFileReference; fileEncoding = 4; lastKnownFileType = sourcecode.c.objc; path = WCGScoresViewController.m; sourceTree = "<group>"; };
		4EF120C417CE154C007B651D /* WCGScoresViewController.xib */ = {isa = PBXFileReference; fileEncoding = 4; lastKnownFileType = file.xib; path = WCGScoresViewController.xib; sourceTree = "<group>"; };
		4EF120CD17CE183F007B651D /* WCGCountriesViewController.h */ = {isa = PBXFileReference; fileEncoding = 4; lastKnownFileType = sourcecode.c.h; path = WCGCountriesViewController.h; sourceTree = "<group>"; };
		4EF120CE17CE183F007B651D /* WCGCountriesViewController.m */ = {isa = PBXFileReference; fileEncoding = 4; lastKnownFileType = sourcecode.c.objc; path = WCGCountriesViewController.m; sourceTree = "<group>"; };
		4EF120CF17CE183F007B651D /* WCGCountriesViewController.xib */ = {isa = PBXFileReference; fileEncoding = 4; lastKnownFileType = file.xib; path = WCGCountriesViewController.xib; sourceTree = "<group>"; };
		4EF120E217CF542C007B651D /* WCGCountry.h */ = {isa = PBXFileReference; fileEncoding = 4; lastKnownFileType = sourcecode.c.h; name = WCGCountry.h; path = db/WCGCountry.h; sourceTree = "<group>"; };
		4EF120E317CF542C007B651D /* WCGCountry.m */ = {isa = PBXFileReference; fileEncoding = 4; lastKnownFileType = sourcecode.c.objc; name = WCGCountry.m; path = db/WCGCountry.m; sourceTree = "<group>"; };
		4EF120E517CF5456007B651D /* WCGCity.h */ = {isa = PBXFileReference; fileEncoding = 4; lastKnownFileType = sourcecode.c.h; name = WCGCity.h; path = db/WCGCity.h; sourceTree = "<group>"; };
		4EF120E617CF5456007B651D /* WCGCity.m */ = {isa = PBXFileReference; fileEncoding = 4; lastKnownFileType = sourcecode.c.objc; name = WCGCity.m; path = db/WCGCity.m; sourceTree = "<group>"; };
		4EF7B4A817CA586D007A6A0C /* WCGBuyViewController.h */ = {isa = PBXFileReference; fileEncoding = 4; lastKnownFileType = sourcecode.c.h; path = WCGBuyViewController.h; sourceTree = "<group>"; };
		4EF7B4A917CA586D007A6A0C /* WCGBuyViewController.m */ = {isa = PBXFileReference; fileEncoding = 4; lastKnownFileType = sourcecode.c.objc; path = WCGBuyViewController.m; sourceTree = "<group>"; };
		4EF7B4AA17CA586D007A6A0C /* WCGBuyViewController.xib */ = {isa = PBXFileReference; fileEncoding = 4; lastKnownFileType = file.xib; path = WCGBuyViewController.xib; sourceTree = "<group>"; };
		4EF7B4B217CA5895007A6A0C /* WCGTextViewController.h */ = {isa = PBXFileReference; fileEncoding = 4; lastKnownFileType = sourcecode.c.h; path = WCGTextViewController.h; sourceTree = "<group>"; };
		4EF7B4B317CA5895007A6A0C /* WCGTextViewController.m */ = {isa = PBXFileReference; fileEncoding = 4; lastKnownFileType = sourcecode.c.objc; path = WCGTextViewController.m; sourceTree = "<group>"; };
		4EF7B4B417CA5896007A6A0C /* WCGTextViewController.xib */ = {isa = PBXFileReference; fileEncoding = 4; lastKnownFileType = file.xib; path = WCGTextViewController.xib; sourceTree = "<group>"; };
/* End PBXFileReference section */

/* Begin PBXFrameworksBuildPhase section */
		4E1B66CF17BFF95900D47D39 /* Frameworks */ = {
			isa = PBXFrameworksBuildPhase;
			buildActionMask = 2147483647;
			files = (
				4E1B671217C0F6FA00D47D39 /* CoreLocation.framework in Frameworks */,
				4E1B66FD17BFFA1600D47D39 /* MapKit.framework in Frameworks */,
				4E1B66D617BFF95900D47D39 /* UIKit.framework in Frameworks */,
				4E1B66D817BFF95900D47D39 /* Foundation.framework in Frameworks */,
				4E1B66DA17BFF95900D47D39 /* CoreGraphics.framework in Frameworks */,
				4E1B66DC17BFF95900D47D39 /* CoreData.framework in Frameworks */,
			);
			runOnlyForDeploymentPostprocessing = 0;
		};
/* End PBXFrameworksBuildPhase section */

/* Begin PBXGroup section */
		4E1B66C917BFF95900D47D39 = {
			isa = PBXGroup;
			children = (
				4E1B671117C0F6FA00D47D39 /* CoreLocation.framework */,
				4E1B66FC17BFFA1600D47D39 /* MapKit.framework */,
				4E1B66DD17BFF95900D47D39 /* World Cities Game */,
				4E1B66D417BFF95900D47D39 /* Frameworks */,
				4E1B66D317BFF95900D47D39 /* Products */,
			);
			sourceTree = "<group>";
		};
		4E1B66D317BFF95900D47D39 /* Products */ = {
			isa = PBXGroup;
			children = (
				4E1B66D217BFF95900D47D39 /* World Cities Game.app */,
			);
			name = Products;
			sourceTree = "<group>";
		};
		4E1B66D417BFF95900D47D39 /* Frameworks */ = {
			isa = PBXGroup;
			children = (
				4E1B66D517BFF95900D47D39 /* UIKit.framework */,
				4E1B66D717BFF95900D47D39 /* Foundation.framework */,
				4E1B66D917BFF95900D47D39 /* CoreGraphics.framework */,
				4E1B66DB17BFF95900D47D39 /* CoreData.framework */,
			);
			name = Frameworks;
			sourceTree = "<group>";
		};
		4E1B66DD17BFF95900D47D39 /* World Cities Game */ = {
			isa = PBXGroup;
			children = (
				4EF120C717CE17E6007B651D /* Countries */,
				4EF120C117CE1534007B651D /* Scores */,
				4E1B670717BFFB6A00D47D39 /* db */,
				4E1B66E617BFF95900D47D39 /* WCGAppDelegate.h */,
				4E1B66E717BFF95900D47D39 /* WCGAppDelegate.m */,
				4E1B66DE17BFF95900D47D39 /* Supporting Files */,
				4EF120B917CDF6AD007B651D /* TextView */,
				4EF120BA17CDF6C0007B651D /* Buy */,
				4EF120BC17CDF704007B651D /* Start */,
				4EF120BB17CDF6F5007B651D /* Regions */,
				4EF120BD17CDF70F007B651D /* Map */,
				4EF120B817CDF699007B651D /* Settings */,
			);
			path = "World Cities Game";
			sourceTree = "<group>";
		};
		4E1B66DE17BFF95900D47D39 /* Supporting Files */ = {
			isa = PBXGroup;
			children = (
				4E1B671317C2A43900D47D39 /* store.wolrdcitiesgame */,
				4E1B66DF17BFF95900D47D39 /* World Cities Game-Info.plist */,
				4E1B66E017BFF95900D47D39 /* InfoPlist.strings */,
				4E1B66E317BFF95900D47D39 /* main.m */,
				4E1B66E517BFF95900D47D39 /* World Cities Game-Prefix.pch */,
				4E1B66E917BFF95900D47D39 /* Default.png */,
				4E1B66EB17BFF95900D47D39 /* Default@2x.png */,
				4E1B66ED17BFF95900D47D39 /* Default-568h@2x.png */,
			);
			name = "Supporting Files";
			sourceTree = "<group>";
		};
		4E1B670717BFFB6A00D47D39 /* db */ = {
			isa = PBXGroup;
			children = (
				4E1B66EF17BFF95900D47D39 /* World_Cities_Game.xcdatamodeld */,
				4EF120E517CF5456007B651D /* WCGCity.h */,
				4EF120E617CF5456007B651D /* WCGCity.m */,
				4EF120B017CDC7DB007B651D /* WCGRegion.h */,
				4EF120B117CDC7DB007B651D /* WCGRegion.m */,
				4EF120AD17CCBE13007B651D /* WCGWorldStore.h */,
				4EF120AE17CCBE13007B651D /* WCGWorldStore.m */,
				4EF120BE17CE00D0007B651D /* WCGSettings.h */,
				4EF120BF17CE00D0007B651D /* WCGSettings.m */,
				4EF120E217CF542C007B651D /* WCGCountry.h */,
				4EF120E317CF542C007B651D /* WCGCountry.m */,
			);
			name = db;
			sourceTree = "<group>";
		};
		4EF120B817CDF699007B651D /* Settings */ = {
			isa = PBXGroup;
			children = (
				4EF120B317CDF694007B651D /* WCGSettingsViewController.h */,
				4EF120B417CDF694007B651D /* WCGSettingsViewController.m */,
				4EF120B517CDF694007B651D /* WCGSettingsViewController.xib */,
			);
			name = Settings;
			sourceTree = "<group>";
		};
		4EF120B917CDF6AD007B651D /* TextView */ = {
			isa = PBXGroup;
			children = (
				4EF7B4B217CA5895007A6A0C /* WCGTextViewController.h */,
				4EF7B4B317CA5895007A6A0C /* WCGTextViewController.m */,
				4EF7B4B417CA5896007A6A0C /* WCGTextViewController.xib */,
			);
			name = TextView;
			sourceTree = "<group>";
		};
		4EF120BA17CDF6C0007B651D /* Buy */ = {
			isa = PBXGroup;
			children = (
				4EF7B4A817CA586D007A6A0C /* WCGBuyViewController.h */,
				4EF7B4A917CA586D007A6A0C /* WCGBuyViewController.m */,
				4EF7B4AA17CA586D007A6A0C /* WCGBuyViewController.xib */,
			);
			name = Buy;
			sourceTree = "<group>";
		};
		4EF120BB17CDF6F5007B651D /* Regions */ = {
			isa = PBXGroup;
			children = (
				4EF120A817CBE073007B651D /* WCGRegionsViewController.h */,
				4EF120A917CBE073007B651D /* WCGRegionsViewController.m */,
				4EF120AA17CBE073007B651D /* WCGRegionsViewController.xib */,
			);
			name = Regions;
			sourceTree = "<group>";
		};
		4EF120BC17CDF704007B651D /* Start */ = {
			isa = PBXGroup;
			children = (
				4EA4D07117C7E78F002C197A /* WCGStartViewController.h */,
				4EA4D07217C7E78F002C197A /* WCGStartViewController.m */,
				4EA4D07317C7E78F002C197A /* WCGStartViewController.xib */,
			);
			name = Start;
			sourceTree = "<group>";
		};
		4EF120BD17CDF70F007B651D /* Map */ = {
			isa = PBXGroup;
			children = (
				4E1B66F717BFF98300D47D39 /* WCGMapViewController.h */,
				4E1B66F817BFF98300D47D39 /* WCGMapViewController.m */,
				4E1B66F917BFF98300D47D39 /* WCGMapViewController.xib */,
			);
			name = Map;
			sourceTree = "<group>";
		};
		4EF120C117CE1534007B651D /* Scores */ = {
			isa = PBXGroup;
			children = (
				4EF120C217CE154C007B651D /* WCGScoresViewController.h */,
				4EF120C317CE154C007B651D /* WCGScoresViewController.m */,
				4EF120C417CE154C007B651D /* WCGScoresViewController.xib */,
			);
			name = Scores;
			sourceTree = "<group>";
		};
		4EF120C717CE17E6007B651D /* Countries */ = {
			isa = PBXGroup;
			children = (
				4EF120CD17CE183F007B651D /* WCGCountriesViewController.h */,
				4EF120CE17CE183F007B651D /* WCGCountriesViewController.m */,
				4EF120CF17CE183F007B651D /* WCGCountriesViewController.xib */,
			);
			name = Countries;
			sourceTree = "<group>";
		};
/* End PBXGroup section */

/* Begin PBXNativeTarget section */
		4E1B66D117BFF95900D47D39 /* World Cities Game */ = {
			isa = PBXNativeTarget;
			buildConfigurationList = 4E1B66F417BFF95900D47D39 /* Build configuration list for PBXNativeTarget "World Cities Game" */;
			buildPhases = (
				4E1B66CE17BFF95900D47D39 /* Sources */,
				4E1B66CF17BFF95900D47D39 /* Frameworks */,
				4E1B66D017BFF95900D47D39 /* Resources */,
			);
			buildRules = (
			);
			dependencies = (
			);
			name = "World Cities Game";
			productName = "World Cities Game";
			productReference = 4E1B66D217BFF95900D47D39 /* World Cities Game.app */;
			productType = "com.apple.product-type.application";
		};
/* End PBXNativeTarget section */

/* Begin PBXProject section */
		4E1B66CA17BFF95900D47D39 /* Project object */ = {
			isa = PBXProject;
			attributes = {
				CLASSPREFIX = WCG;
				LastUpgradeCheck = 0460;
				ORGANIZATIONNAME = "Alexandra Pozdnyakova";
			};
			buildConfigurationList = 4E1B66CD17BFF95900D47D39 /* Build configuration list for PBXProject "World Cities Game" */;
			compatibilityVersion = "Xcode 3.2";
			developmentRegion = English;
			hasScannedForEncodings = 0;
			knownRegions = (
				en,
			);
			mainGroup = 4E1B66C917BFF95900D47D39;
			productRefGroup = 4E1B66D317BFF95900D47D39 /* Products */;
			projectDirPath = "";
			projectRoot = "";
			targets = (
				4E1B66D117BFF95900D47D39 /* World Cities Game */,
			);
		};
/* End PBXProject section */

/* Begin PBXResourcesBuildPhase section */
		4E1B66D017BFF95900D47D39 /* Resources */ = {
			isa = PBXResourcesBuildPhase;
			buildActionMask = 2147483647;
			files = (
				4E1B66E217BFF95900D47D39 /* InfoPlist.strings in Resources */,
				4E1B66EA17BFF95900D47D39 /* Default.png in Resources */,
				4E1B66EC17BFF95900D47D39 /* Default@2x.png in Resources */,
				4E1B66EE17BFF95900D47D39 /* Default-568h@2x.png in Resources */,
				4E1B66FB17BFF98300D47D39 /* WCGMapViewController.xib in Resources */,
				4E1B671417C2A43900D47D39 /* store.wolrdcitiesgame in Resources */,
				4EA4D07517C7E78F002C197A /* WCGStartViewController.xib in Resources */,
				4EF7B4AC17CA586D007A6A0C /* WCGBuyViewController.xib in Resources */,
				4EF7B4B617CA5896007A6A0C /* WCGTextViewController.xib in Resources */,
				4EF120AC17CBE073007B651D /* WCGRegionsViewController.xib in Resources */,
				4EF120B717CDF695007B651D /* WCGSettingsViewController.xib in Resources */,
				4EF120C617CE154C007B651D /* WCGScoresViewController.xib in Resources */,
				4EF120D117CE183F007B651D /* WCGCountriesViewController.xib in Resources */,
			);
			runOnlyForDeploymentPostprocessing = 0;
		};
/* End PBXResourcesBuildPhase section */

/* Begin PBXSourcesBuildPhase section */
		4E1B66CE17BFF95900D47D39 /* Sources */ = {
			isa = PBXSourcesBuildPhase;
			buildActionMask = 2147483647;
			files = (
				4E1B66E417BFF95900D47D39 /* main.m in Sources */,
				4E1B66E817BFF95900D47D39 /* WCGAppDelegate.m in Sources */,
				4E1B66F117BFF95900D47D39 /* World_Cities_Game.xcdatamodeld in Sources */,
				4E1B66FA17BFF98300D47D39 /* WCGMapViewController.m in Sources */,
				4EA4D07417C7E78F002C197A /* WCGStartViewController.m in Sources */,
				4EF7B4AB17CA586D007A6A0C /* WCGBuyViewController.m in Sources */,
				4EF7B4B517CA5896007A6A0C /* WCGTextViewController.m in Sources */,
				4EF120AB17CBE073007B651D /* WCGRegionsViewController.m in Sources */,
				4EF120AF17CCBE13007B651D /* WCGWorldStore.m in Sources */,
				4EF120B217CDC7DB007B651D /* WCGRegion.m in Sources */,
				4EF120B617CDF695007B651D /* WCGSettingsViewController.m in Sources */,
				4EF120C017CE00D0007B651D /* WCGSettings.m in Sources */,
				4EF120C517CE154C007B651D /* WCGScoresViewController.m in Sources */,
				4EF120D017CE183F007B651D /* WCGCountriesViewController.m in Sources */,
				4EF120E417CF542D007B651D /* WCGCountry.m in Sources */,
				4EF120E717CF5456007B651D /* WCGCity.m in Sources */,
			);
			runOnlyForDeploymentPostprocessing = 0;
		};
/* End PBXSourcesBuildPhase section */

/* Begin PBXVariantGroup section */
		4E1B66E017BFF95900D47D39 /* InfoPlist.strings */ = {
			isa = PBXVariantGroup;
			children = (
				4E1B66E117BFF95900D47D39 /* en */,
			);
			name = InfoPlist.strings;
			sourceTree = "<group>";
		};
/* End PBXVariantGroup section */

/* Begin XCBuildConfiguration section */
		4E1B66F217BFF95900D47D39 /* Debug */ = {
			isa = XCBuildConfiguration;
			buildSettings = {
				ALWAYS_SEARCH_USER_PATHS = NO;
				CLANG_CXX_LANGUAGE_STANDARD = "gnu++0x";
				CLANG_CXX_LIBRARY = "libc++";
				CLANG_ENABLE_OBJC_ARC = YES;
				CLANG_WARN_CONSTANT_CONVERSION = YES;
				CLANG_WARN_EMPTY_BODY = YES;
				CLANG_WARN_ENUM_CONVERSION = YES;
				CLANG_WARN_INT_CONVERSION = YES;
				CLANG_WARN__DUPLICATE_METHOD_MATCH = YES;
				"CODE_SIGN_IDENTITY[sdk=iphoneos*]" = "iPhone Developer";
				COPY_PHASE_STRIP = NO;
				GCC_C_LANGUAGE_STANDARD = gnu99;
				GCC_DYNAMIC_NO_PIC = NO;
				GCC_OPTIMIZATION_LEVEL = 0;
				GCC_PREPROCESSOR_DEFINITIONS = (
					"DEBUG=1",
					"$(inherited)",
				);
				GCC_SYMBOLS_PRIVATE_EXTERN = NO;
				GCC_WARN_ABOUT_RETURN_TYPE = YES;
				GCC_WARN_UNINITIALIZED_AUTOS = YES;
				GCC_WARN_UNUSED_VARIABLE = YES;
				IPHONEOS_DEPLOYMENT_TARGET = 6.1;
				ONLY_ACTIVE_ARCH = YES;
				SDKROOT = iphoneos;
				TARGETED_DEVICE_FAMILY = "1,2";
			};
			name = Debug;
		};
		4E1B66F317BFF95900D47D39 /* Release */ = {
			isa = XCBuildConfiguration;
			buildSettings = {
				ALWAYS_SEARCH_USER_PATHS = NO;
				CLANG_CXX_LANGUAGE_STANDARD = "gnu++0x";
				CLANG_CXX_LIBRARY = "libc++";
				CLANG_ENABLE_OBJC_ARC = YES;
				CLANG_WARN_CONSTANT_CONVERSION = YES;
				CLANG_WARN_EMPTY_BODY = YES;
				CLANG_WARN_ENUM_CONVERSION = YES;
				CLANG_WARN_INT_CONVERSION = YES;
				CLANG_WARN__DUPLICATE_METHOD_MATCH = YES;
				"CODE_SIGN_IDENTITY[sdk=iphoneos*]" = "iPhone Developer";
				COPY_PHASE_STRIP = YES;
				GCC_C_LANGUAGE_STANDARD = gnu99;
				GCC_WARN_ABOUT_RETURN_TYPE = YES;
				GCC_WARN_UNINITIALIZED_AUTOS = YES;
				GCC_WARN_UNUSED_VARIABLE = YES;
				IPHONEOS_DEPLOYMENT_TARGET = 6.1;
				OTHER_CFLAGS = "-DNS_BLOCK_ASSERTIONS=1";
				SDKROOT = iphoneos;
				TARGETED_DEVICE_FAMILY = "1,2";
				VALIDATE_PRODUCT = YES;
			};
			name = Release;
		};
		4E1B66F517BFF95900D47D39 /* Debug */ = {
			isa = XCBuildConfiguration;
			buildSettings = {
				GCC_PRECOMPILE_PREFIX_HEADER = YES;
				GCC_PREFIX_HEADER = "World Cities Game/World Cities Game-Prefix.pch";
				INFOPLIST_FILE = "World Cities Game/World Cities Game-Info.plist";
				PRODUCT_NAME = "$(TARGET_NAME)";
				WRAPPER_EXTENSION = app;
			};
			name = Debug;
		};
		4E1B66F617BFF95900D47D39 /* Release */ = {
			isa = XCBuildConfiguration;
			buildSettings = {
				GCC_PRECOMPILE_PREFIX_HEADER = YES;
				GCC_PREFIX_HEADER = "World Cities Game/World Cities Game-Prefix.pch";
				INFOPLIST_FILE = "World Cities Game/World Cities Game-Info.plist";
				PRODUCT_NAME = "$(TARGET_NAME)";
				WRAPPER_EXTENSION = app;
			};
			name = Release;
		};
/* End XCBuildConfiguration section */

/* Begin XCConfigurationList section */
		4E1B66CD17BFF95900D47D39 /* Build configuration list for PBXProject "World Cities Game" */ = {
			isa = XCConfigurationList;
			buildConfigurations = (
				4E1B66F217BFF95900D47D39 /* Debug */,
				4E1B66F317BFF95900D47D39 /* Release */,
			);
			defaultConfigurationIsVisible = 0;
			defaultConfigurationName = Release;
		};
		4E1B66F417BFF95900D47D39 /* Build configuration list for PBXNativeTarget "World Cities Game" */ = {
			isa = XCConfigurationList;
			buildConfigurations = (
				4E1B66F517BFF95900D47D39 /* Debug */,
				4E1B66F617BFF95900D47D39 /* Release */,
			);
			defaultConfigurationIsVisible = 0;
			defaultConfigurationName = Release;
		};
/* End XCConfigurationList section */

/* Begin XCVersionGroup section */
		4E1B66EF17BFF95900D47D39 /* World_Cities_Game.xcdatamodeld */ = {
			isa = XCVersionGroup;
			children = (
				4E1B66F017BFF95900D47D39 /* World_Cities_Game.xcdatamodel */,
			);
			currentVersion = 4E1B66F017BFF95900D47D39 /* World_Cities_Game.xcdatamodel */;
			path = World_Cities_Game.xcdatamodeld;
			sourceTree = "<group>";
			versionGroupType = wrapper.xcdatamodel;
		};
/* End XCVersionGroup section */
	};
	rootObject = 4E1B66CA17BFF95900D47D39 /* Project object */;
}
