// !$*UTF8*$!
{
	archiveVersion = 1;
	classes = {
	};
	objectVersion = 46;
	objects = {

/* Begin PBXBuildFile section */
		4E1B66D617BFF95900D47D39 /* UIKit.framework in Frameworks */ = {isa = PBXBuildFile; fileRef = 4E1B66D517BFF95900D47D39 /* UIKit.framework */; };
		4E1B66D817BFF95900D47D39 /* Foundation.framework in Frameworks */ = {isa = PBXBuildFile; fileRef = 4E1B66D717BFF95900D47D39 /* Foundation.framework */; };
		4E1B66DA17BFF95900D47D39 /* CoreGraphics.framework in Frameworks */ = {isa = PBXBuildFile; fileRef = 4E1B66D917BFF95900D47D39 /* CoreGraphics.framework */; };
		4E1B66DC17BFF95900D47D39 /* CoreData.framework in Frameworks */ = {isa = PBXBuildFile; fileRef = 4E1B66DB17BFF95900D47D39 /* CoreData.framework */; };
		4E1B66E217BFF95900D47D39 /* InfoPlist.strings in Resources */ = {isa = PBXBuildFile; fileRef = 4E1B66E017BFF95900D47D39 /* InfoPlist.strings */; };
		4E1B66E417BFF95900D47D39 /* main.m in Sources */ = {isa = PBXBuildFile; fileRef = 4E1B66E317BFF95900D47D39 /* main.m */; };
		4E1B66E817BFF95900D47D39 /* WCGAppDelegate.m in Sources */ = {isa = PBXBuildFile; fileRef = 4E1B66E717BFF95900D47D39 /* WCGAppDelegate.m */; };
		4E1B66F117BFF95900D47D39 /* World_Cities_Game.xcdatamodeld in Sources */ = {isa = PBXBuildFile; fileRef = 4E1B66EF17BFF95900D47D39 /* World_Cities_Game.xcdatamodeld */; };
		4E1B66FD17BFFA1600D47D39 /* MapKit.framework in Frameworks */ = {isa = PBXBuildFile; fileRef = 4E1B66FC17BFFA1600D47D39 /* MapKit.framework */; };
		4E1B671217C0F6FA00D47D39 /* CoreLocation.framework in Frameworks */ = {isa = PBXBuildFile; fileRef = 4E1B671117C0F6FA00D47D39 /* CoreLocation.framework */; };
		4EA18AD317D4D8AF00A2ECDD /* store.wolrdcitiesgame in Resources */ = {isa = PBXBuildFile; fileRef = 4EA18AD217D4D8AF00A2ECDD /* store.wolrdcitiesgame */; };
		4EA18AD717D5C4D400A2ECDD /* wcg_5_nav.png in Resources */ = {isa = PBXBuildFile; fileRef = 4EA18AD517D5C4D400A2ECDD /* wcg_5_nav.png */; };
		4EA18AD817D5C4D400A2ECDD /* wcg_4_nav.png in Resources */ = {isa = PBXBuildFile; fileRef = 4EA18AD617D5C4D400A2ECDD /* wcg_4_nav.png */; };
		4EA18ADA17D5C71200A2ECDD /* wcg_72_72.png in Resources */ = {isa = PBXBuildFile; fileRef = 4EA18AD917D5C71200A2ECDD /* wcg_72_72.png */; };
		4EA18ADC17D5C71800A2ECDD /* wcg_144_144.png in Resources */ = {isa = PBXBuildFile; fileRef = 4EA18ADB17D5C71800A2ECDD /* wcg_144_144.png */; };
		4EA18ADE17D5C74000A2ECDD /* Default-Portrait~ipad.png in Resources */ = {isa = PBXBuildFile; fileRef = 4EA18ADD17D5C74000A2ECDD /* Default-Portrait~ipad.png */; };
		4EA18AE017D5C74800A2ECDD /* Default-Portrait@2x~ipad.png in Resources */ = {isa = PBXBuildFile; fileRef = 4EA18ADF17D5C74800A2ECDD /* Default-Portrait@2x~ipad.png */; };
		4EA18AE217D5C75E00A2ECDD /* Default.png in Resources */ = {isa = PBXBuildFile; fileRef = 4EA18AE117D5C75E00A2ECDD /* Default.png */; };
		4EA18AE417D5C76600A2ECDD /* Default@2x.png in Resources */ = {isa = PBXBuildFile; fileRef = 4EA18AE317D5C76600A2ECDD /* Default@2x.png */; };
		4EA18AE617D5C76D00A2ECDD /* Default-568h@2x.png in Resources */ = {isa = PBXBuildFile; fileRef = 4EA18AE517D5C76D00A2ECDD /* Default-568h@2x.png */; };
		4EA18AED17D652F400A2ECDD /* CoreTelephony.framework in Frameworks */ = {isa = PBXBuildFile; fileRef = 4EA18AEC17D652F400A2ECDD /* CoreTelephony.framework */; settings = {ATTRIBUTES = (Weak, ); }; };
		4EA18AEE17D653D400A2ECDD /* Countly_OpenUDID.m in Sources */ = {isa = PBXBuildFile; fileRef = 4EA18AEA17D652D400A2ECDD /* Countly_OpenUDID.m */; settings = {COMPILER_FLAGS = "-fno-objc-arc"; }; };
		4EA18AEF17D653D700A2ECDD /* Countly.m in Sources */ = {isa = PBXBuildFile; fileRef = 4EA18AEB17D652D400A2ECDD /* Countly.m */; settings = {COMPILER_FLAGS = "-fno-objc-arc"; }; };
		4EA18AF217D6544D00A2ECDD /* CountlyDB.m in Sources */ = {isa = PBXBuildFile; fileRef = 4EA18AF117D6544D00A2ECDD /* CountlyDB.m */; settings = {COMPILER_FLAGS = "-fno-objc-arc"; }; };
		4EA18AF617D654FC00A2ECDD /* libFlurry_4.2.3.a in Frameworks */ = {isa = PBXBuildFile; fileRef = 4EA18AF517D654FC00A2ECDD /* libFlurry_4.2.3.a */; };
		4EA18AF817D6554C00A2ECDD /* SystemConfiguration.framework in Frameworks */ = {isa = PBXBuildFile; fileRef = 4EA18AF717D6554C00A2ECDD /* SystemConfiguration.framework */; };
		4EA18AFA17D6558700A2ECDD /* AdSupport.framework in Frameworks */ = {isa = PBXBuildFile; fileRef = 4EA18AF917D6558700A2ECDD /* AdSupport.framework */; };
		4EA18AFC17D65B5B00A2ECDD /* Security.framework in Frameworks */ = {isa = PBXBuildFile; fileRef = 4EA18AFB17D65B5B00A2ECDD /* Security.framework */; };
		4EA18B0517D65F7700A2ECDD /* WCGRegionsViewController.m in Sources */ = {isa = PBXBuildFile; fileRef = 4EA18B0317D65F7700A2ECDD /* WCGRegionsViewController.m */; };
		4EA18B0617D65F7700A2ECDD /* WCGRegionsViewController.xib in Resources */ = {isa = PBXBuildFile; fileRef = 4EA18B0417D65F7700A2ECDD /* WCGRegionsViewController.xib */; };
		4EA18B0A17D65FE600A2ECDD /* WCGBuyViewController.m in Sources */ = {isa = PBXBuildFile; fileRef = 4EA18B0817D65FE600A2ECDD /* WCGBuyViewController.m */; };
		4EA18B0B17D65FE600A2ECDD /* WCGBuyViewController.xib in Resources */ = {isa = PBXBuildFile; fileRef = 4EA18B0917D65FE600A2ECDD /* WCGBuyViewController.xib */; };
		4EA18B0F17D65FF800A2ECDD /* WCGMapViewController.m in Sources */ = {isa = PBXBuildFile; fileRef = 4EA18B0D17D65FF800A2ECDD /* WCGMapViewController.m */; };
		4EA18B1017D65FF800A2ECDD /* WCGMapViewController.xib in Resources */ = {isa = PBXBuildFile; fileRef = 4EA18B0E17D65FF800A2ECDD /* WCGMapViewController.xib */; };
		4EA18B1417D6600E00A2ECDD /* WCGSettingsViewController.m in Sources */ = {isa = PBXBuildFile; fileRef = 4EA18B1217D6600E00A2ECDD /* WCGSettingsViewController.m */; };
		4EA18B1517D6600E00A2ECDD /* WCGSettingsViewController.xib in Resources */ = {isa = PBXBuildFile; fileRef = 4EA18B1317D6600E00A2ECDD /* WCGSettingsViewController.xib */; };
		4EA18B1917D6602600A2ECDD /* WCGStartViewController.m in Sources */ = {isa = PBXBuildFile; fileRef = 4EA18B1717D6602600A2ECDD /* WCGStartViewController.m */; };
		4EA18B1A17D6602600A2ECDD /* WCGStartViewController.xib in Resources */ = {isa = PBXBuildFile; fileRef = 4EA18B1817D6602600A2ECDD /* WCGStartViewController.xib */; };
		4EA18B1E17D6603C00A2ECDD /* WCGCountriesViewController.m in Sources */ = {isa = PBXBuildFile; fileRef = 4EA18B1C17D6603C00A2ECDD /* WCGCountriesViewController.m */; };
		4EA18B1F17D6603C00A2ECDD /* WCGCountriesViewController.xib in Resources */ = {isa = PBXBuildFile; fileRef = 4EA18B1D17D6603C00A2ECDD /* WCGCountriesViewController.xib */; };
		4EA18B2317D6611A00A2ECDD /* WCGTextViewController.m in Sources */ = {isa = PBXBuildFile; fileRef = 4EA18B2117D6611A00A2ECDD /* WCGTextViewController.m */; };
		4EA18B2417D6611A00A2ECDD /* WCGTextViewController.xib in Resources */ = {isa = PBXBuildFile; fileRef = 4EA18B2217D6611A00A2ECDD /* WCGTextViewController.xib */; };
		4EA18B2817D6612A00A2ECDD /* WCGScoresViewController.m in Sources */ = {isa = PBXBuildFile; fileRef = 4EA18B2617D6612A00A2ECDD /* WCGScoresViewController.m */; };
		4EA18B2917D6612A00A2ECDD /* WCGScoresViewController.xib in Resources */ = {isa = PBXBuildFile; fileRef = 4EA18B2717D6612A00A2ECDD /* WCGScoresViewController.xib */; };
		4EF120AF17CCBE13007B651D /* WCGWorldStore.m in Sources */ = {isa = PBXBuildFile; fileRef = 4EF120AE17CCBE13007B651D /* WCGWorldStore.m */; };
		4EF120B217CDC7DB007B651D /* WCGRegion.m in Sources */ = {isa = PBXBuildFile; fileRef = 4EF120B117CDC7DB007B651D /* WCGRegion.m */; };
		4EF120C017CE00D0007B651D /* WCGSettings.m in Sources */ = {isa = PBXBuildFile; fileRef = 4EF120BF17CE00D0007B651D /* WCGSettings.m */; };
		4EF120E417CF542D007B651D /* WCGCountry.m in Sources */ = {isa = PBXBuildFile; fileRef = 4EF120E317CF542C007B651D /* WCGCountry.m */; };
		4EF120E717CF5456007B651D /* WCGCity.m in Sources */ = {isa = PBXBuildFile; fileRef = 4EF120E617CF5456007B651D /* WCGCity.m */; };
/* End PBXBuildFile section */

/* Begin PBXFileReference section */
		4E1B66D217BFF95900D47D39 /* World Cities Game.app */ = {isa = PBXFileReference; explicitFileType = wrapper.application; includeInIndex = 0; path = "World Cities Game.app"; sourceTree = BUILT_PRODUCTS_DIR; };
		4E1B66D517BFF95900D47D39 /* UIKit.framework */ = {isa = PBXFileReference; lastKnownFileType = wrapper.framework; name = UIKit.framework; path = System/Library/Frameworks/UIKit.framework; sourceTree = SDKROOT; };
		4E1B66D717BFF95900D47D39 /* Foundation.framework */ = {isa = PBXFileReference; lastKnownFileType = wrapper.framework; name = Foundation.framework; path = System/Library/Frameworks/Foundation.framework; sourceTree = SDKROOT; };
		4E1B66D917BFF95900D47D39 /* CoreGraphics.framework */ = {isa = PBXFileReference; lastKnownFileType = wrapper.framework; name = CoreGraphics.framework; path = System/Library/Frameworks/CoreGraphics.framework; sourceTree = SDKROOT; };
		4E1B66DB17BFF95900D47D39 /* CoreData.framework */ = {isa = PBXFileReference; lastKnownFileType = wrapper.framework; name = CoreData.framework; path = System/Library/Frameworks/CoreData.framework; sourceTree = SDKROOT; };
		4E1B66DF17BFF95900D47D39 /* World Cities Game-Info.plist */ = {isa = PBXFileReference; lastKnownFileType = text.plist.xml; path = "World Cities Game-Info.plist"; sourceTree = "<group>"; };
		4E1B66E117BFF95900D47D39 /* en */ = {isa = PBXFileReference; lastKnownFileType = text.plist.strings; name = en; path = en.lproj/InfoPlist.strings; sourceTree = "<group>"; };
		4E1B66E317BFF95900D47D39 /* main.m */ = {isa = PBXFileReference; lastKnownFileType = sourcecode.c.objc; path = main.m; sourceTree = "<group>"; };
		4E1B66E517BFF95900D47D39 /* World Cities Game-Prefix.pch */ = {isa = PBXFileReference; lastKnownFileType = sourcecode.c.h; path = "World Cities Game-Prefix.pch"; sourceTree = "<group>"; };
		4E1B66E617BFF95900D47D39 /* WCGAppDelegate.h */ = {isa = PBXFileReference; lastKnownFileType = sourcecode.c.h; path = WCGAppDelegate.h; sourceTree = "<group>"; };
		4E1B66E717BFF95900D47D39 /* WCGAppDelegate.m */ = {isa = PBXFileReference; lastKnownFileType = sourcecode.c.objc; path = WCGAppDelegate.m; sourceTree = "<group>"; };
		4E1B66E917BFF95900D47D39 /* Default.png */ = {isa = PBXFileReference; lastKnownFileType = image.png; path = Default.png; sourceTree = "<group>"; };
		4E1B66EB17BFF95900D47D39 /* Default@2x.png */ = {isa = PBXFileReference; lastKnownFileType = image.png; path = "Default@2x.png"; sourceTree = "<group>"; };
		4E1B66ED17BFF95900D47D39 /* Default-568h@2x.png */ = {isa = PBXFileReference; lastKnownFileType = image.png; path = "Default-568h@2x.png"; sourceTree = "<group>"; };
		4E1B66F017BFF95900D47D39 /* World_Cities_Game.xcdatamodel */ = {isa = PBXFileReference; lastKnownFileType = wrapper.xcdatamodel; path = World_Cities_Game.xcdatamodel; sourceTree = "<group>"; };
		4E1B66FC17BFFA1600D47D39 /* MapKit.framework */ = {isa = PBXFileReference; lastKnownFileType = wrapper.framework; name = MapKit.framework; path = System/Library/Frameworks/MapKit.framework; sourceTree = SDKROOT; };
		4E1B671117C0F6FA00D47D39 /* CoreLocation.framework */ = {isa = PBXFileReference; lastKnownFileType = wrapper.framework; name = CoreLocation.framework; path = System/Library/Frameworks/CoreLocation.framework; sourceTree = SDKROOT; };
		4EA18AD217D4D8AF00A2ECDD /* store.wolrdcitiesgame */ = {isa = PBXFileReference; lastKnownFileType = file; path = store.wolrdcitiesgame; sourceTree = "<group>"; };
		4EA18AD517D5C4D400A2ECDD /* wcg_5_nav.png */ = {isa = PBXFileReference; lastKnownFileType = image.png; name = wcg_5_nav.png; path = img/wcg_5_nav.png; sourceTree = "<group>"; };
		4EA18AD617D5C4D400A2ECDD /* wcg_4_nav.png */ = {isa = PBXFileReference; lastKnownFileType = image.png; name = wcg_4_nav.png; path = img/wcg_4_nav.png; sourceTree = "<group>"; };
		4EA18AD917D5C71200A2ECDD /* wcg_72_72.png */ = {isa = PBXFileReference; lastKnownFileType = image.png; path = wcg_72_72.png; sourceTree = "<group>"; };
		4EA18ADB17D5C71800A2ECDD /* wcg_144_144.png */ = {isa = PBXFileReference; lastKnownFileType = image.png; path = wcg_144_144.png; sourceTree = "<group>"; };
		4EA18ADD17D5C74000A2ECDD /* Default-Portrait~ipad.png */ = {isa = PBXFileReference; lastKnownFileType = image.png; path = "Default-Portrait~ipad.png"; sourceTree = "<group>"; };
		4EA18ADF17D5C74800A2ECDD /* Default-Portrait@2x~ipad.png */ = {isa = PBXFileReference; lastKnownFileType = image.png; path = "Default-Portrait@2x~ipad.png"; sourceTree = "<group>"; };
		4EA18AE117D5C75E00A2ECDD /* Default.png */ = {isa = PBXFileReference; lastKnownFileType = image.png; path = Default.png; sourceTree = "<group>"; };
		4EA18AE317D5C76600A2ECDD /* Default@2x.png */ = {isa = PBXFileReference; lastKnownFileType = image.png; path = "Default@2x.png"; sourceTree = "<group>"; };
		4EA18AE517D5C76D00A2ECDD /* Default-568h@2x.png */ = {isa = PBXFileReference; lastKnownFileType = image.png; path = "Default-568h@2x.png"; sourceTree = "<group>"; };
		4EA18AE817D652D400A2ECDD /* Countly.h */ = {isa = PBXFileReference; lastKnownFileType = sourcecode.c.h; name = Countly.h; path = countly/Countly.h; sourceTree = "<group>"; };
		4EA18AE917D652D400A2ECDD /* Countly_OpenUDID.h */ = {isa = PBXFileReference; lastKnownFileType = sourcecode.c.h; name = Countly_OpenUDID.h; path = countly/Countly_OpenUDID.h; sourceTree = "<group>"; };
		4EA18AEA17D652D400A2ECDD /* Countly_OpenUDID.m */ = {isa = PBXFileReference; lastKnownFileType = sourcecode.c.objc; name = Countly_OpenUDID.m; path = countly/Countly_OpenUDID.m; sourceTree = "<group>"; };
		4EA18AEB17D652D400A2ECDD /* Countly.m */ = {isa = PBXFileReference; lastKnownFileType = sourcecode.c.objc; name = Countly.m; path = countly/Countly.m; sourceTree = "<group>"; };
		4EA18AEC17D652F400A2ECDD /* CoreTelephony.framework */ = {isa = PBXFileReference; lastKnownFileType = wrapper.framework; name = CoreTelephony.framework; path = System/Library/Frameworks/CoreTelephony.framework; sourceTree = SDKROOT; };
		4EA18AF017D6544D00A2ECDD /* CountlyDB.h */ = {isa = PBXFileReference; fileEncoding = 4; lastKnownFileType = sourcecode.c.h; name = CountlyDB.h; path = countly/CountlyDB.h; sourceTree = "<group>"; };
		4EA18AF117D6544D00A2ECDD /* CountlyDB.m */ = {isa = PBXFileReference; fileEncoding = 4; lastKnownFileType = sourcecode.c.objc; name = CountlyDB.m; path = countly/CountlyDB.m; sourceTree = "<group>"; };
		4EA18AF417D654FC00A2ECDD /* Flurry.h */ = {isa = PBXFileReference; fileEncoding = 4; lastKnownFileType = sourcecode.c.h; name = Flurry.h; path = Flurry/Flurry.h; sourceTree = "<group>"; };
		4EA18AF517D654FC00A2ECDD /* libFlurry_4.2.3.a */ = {isa = PBXFileReference; lastKnownFileType = archive.ar; name = libFlurry_4.2.3.a; path = Flurry/libFlurry_4.2.3.a; sourceTree = "<group>"; };
		4EA18AF717D6554C00A2ECDD /* SystemConfiguration.framework */ = {isa = PBXFileReference; lastKnownFileType = wrapper.framework; name = SystemConfiguration.framework; path = System/Library/Frameworks/SystemConfiguration.framework; sourceTree = SDKROOT; };
		4EA18AF917D6558700A2ECDD /* AdSupport.framework */ = {isa = PBXFileReference; lastKnownFileType = wrapper.framework; name = AdSupport.framework; path = System/Library/Frameworks/AdSupport.framework; sourceTree = SDKROOT; };
		4EA18AFB17D65B5B00A2ECDD /* Security.framework */ = {isa = PBXFileReference; lastKnownFileType = wrapper.framework; name = Security.framework; path = System/Library/Frameworks/Security.framework; sourceTree = SDKROOT; };
		4EA18B0217D65F7700A2ECDD /* WCGRegionsViewController.h */ = {isa = PBXFileReference; fileEncoding = 4; lastKnownFileType = sourcecode.c.h; name = WCGRegionsViewController.h; path = viewControllers/regions/WCGRegionsViewController.h; sourceTree = "<group>"; };
		4EA18B0317D65F7700A2ECDD /* WCGRegionsViewController.m */ = {isa = PBXFileReference; fileEncoding = 4; lastKnownFileType = sourcecode.c.objc; name = WCGRegionsViewController.m; path = viewControllers/regions/WCGRegionsViewController.m; sourceTree = "<group>"; };
		4EA18B0417D65F7700A2ECDD /* WCGRegionsViewController.xib */ = {isa = PBXFileReference; fileEncoding = 4; lastKnownFileType = file.xib; name = WCGRegionsViewController.xib; path = viewControllers/regions/WCGRegionsViewController.xib; sourceTree = "<group>"; };
		4EA18B0717D65FE600A2ECDD /* WCGBuyViewController.h */ = {isa = PBXFileReference; fileEncoding = 4; lastKnownFileType = sourcecode.c.h; name = WCGBuyViewController.h; path = viewControllers/buy/WCGBuyViewController.h; sourceTree = "<group>"; };
		4EA18B0817D65FE600A2ECDD /* WCGBuyViewController.m */ = {isa = PBXFileReference; fileEncoding = 4; lastKnownFileType = sourcecode.c.objc; name = WCGBuyViewController.m; path = viewControllers/buy/WCGBuyViewController.m; sourceTree = "<group>"; };
		4EA18B0917D65FE600A2ECDD /* WCGBuyViewController.xib */ = {isa = PBXFileReference; fileEncoding = 4; lastKnownFileType = file.xib; name = WCGBuyViewController.xib; path = viewControllers/buy/WCGBuyViewController.xib; sourceTree = "<group>"; };
		4EA18B0C17D65FF800A2ECDD /* WCGMapViewController.h */ = {isa = PBXFileReference; fileEncoding = 4; lastKnownFileType = sourcecode.c.h; name = WCGMapViewController.h; path = viewControllers/map/WCGMapViewController.h; sourceTree = "<group>"; };
		4EA18B0D17D65FF800A2ECDD /* WCGMapViewController.m */ = {isa = PBXFileReference; fileEncoding = 4; lastKnownFileType = sourcecode.c.objc; name = WCGMapViewController.m; path = viewControllers/map/WCGMapViewController.m; sourceTree = "<group>"; };
		4EA18B0E17D65FF800A2ECDD /* WCGMapViewController.xib */ = {isa = PBXFileReference; fileEncoding = 4; lastKnownFileType = file.xib; name = WCGMapViewController.xib; path = viewControllers/map/WCGMapViewController.xib; sourceTree = "<group>"; };
		4EA18B1117D6600E00A2ECDD /* WCGSettingsViewController.h */ = {isa = PBXFileReference; fileEncoding = 4; lastKnownFileType = sourcecode.c.h; name = WCGSettingsViewController.h; path = viewControllers/settings/WCGSettingsViewController.h; sourceTree = "<group>"; };
		4EA18B1217D6600E00A2ECDD /* WCGSettingsViewController.m */ = {isa = PBXFileReference; fileEncoding = 4; lastKnownFileType = sourcecode.c.objc; name = WCGSettingsViewController.m; path = viewControllers/settings/WCGSettingsViewController.m; sourceTree = "<group>"; };
		4EA18B1317D6600E00A2ECDD /* WCGSettingsViewController.xib */ = {isa = PBXFileReference; fileEncoding = 4; lastKnownFileType = file.xib; name = WCGSettingsViewController.xib; path = viewControllers/settings/WCGSettingsViewController.xib; sourceTree = "<group>"; };
		4EA18B1617D6602600A2ECDD /* WCGStartViewController.h */ = {isa = PBXFileReference; fileEncoding = 4; lastKnownFileType = sourcecode.c.h; name = WCGStartViewController.h; path = viewControllers/start/WCGStartViewController.h; sourceTree = "<group>"; };
		4EA18B1717D6602600A2ECDD /* WCGStartViewController.m */ = {isa = PBXFileReference; fileEncoding = 4; lastKnownFileType = sourcecode.c.objc; name = WCGStartViewController.m; path = viewControllers/start/WCGStartViewController.m; sourceTree = "<group>"; };
		4EA18B1817D6602600A2ECDD /* WCGStartViewController.xib */ = {isa = PBXFileReference; fileEncoding = 4; lastKnownFileType = file.xib; name = WCGStartViewController.xib; path = viewControllers/start/WCGStartViewController.xib; sourceTree = "<group>"; };
		4EA18B1B17D6603C00A2ECDD /* WCGCountriesViewController.h */ = {isa = PBXFileReference; fileEncoding = 4; lastKnownFileType = sourcecode.c.h; name = WCGCountriesViewController.h; path = viewControllers/countries/WCGCountriesViewController.h; sourceTree = "<group>"; };
		4EA18B1C17D6603C00A2ECDD /* WCGCountriesViewController.m */ = {isa = PBXFileReference; fileEncoding = 4; lastKnownFileType = sourcecode.c.objc; name = WCGCountriesViewController.m; path = viewControllers/countries/WCGCountriesViewController.m; sourceTree = "<group>"; };
		4EA18B1D17D6603C00A2ECDD /* WCGCountriesViewController.xib */ = {isa = PBXFileReference; fileEncoding = 4; lastKnownFileType = file.xib; name = WCGCountriesViewController.xib; path = viewControllers/countries/WCGCountriesViewController.xib; sourceTree = "<group>"; };
		4EA18B2017D6611A00A2ECDD /* WCGTextViewController.h */ = {isa = PBXFileReference; fileEncoding = 4; lastKnownFileType = sourcecode.c.h; name = WCGTextViewController.h; path = viewControllers/text/WCGTextViewController.h; sourceTree = "<group>"; };
		4EA18B2117D6611A00A2ECDD /* WCGTextViewController.m */ = {isa = PBXFileReference; fileEncoding = 4; lastKnownFileType = sourcecode.c.objc; name = WCGTextViewController.m; path = viewControllers/text/WCGTextViewController.m; sourceTree = "<group>"; };
		4EA18B2217D6611A00A2ECDD /* WCGTextViewController.xib */ = {isa = PBXFileReference; fileEncoding = 4; lastKnownFileType = file.xib; name = WCGTextViewController.xib; path = viewControllers/text/WCGTextViewController.xib; sourceTree = "<group>"; };
		4EA18B2517D6612A00A2ECDD /* WCGScoresViewController.h */ = {isa = PBXFileReference; fileEncoding = 4; lastKnownFileType = sourcecode.c.h; name = WCGScoresViewController.h; path = viewControllers/scores/WCGScoresViewController.h; sourceTree = "<group>"; };
		4EA18B2617D6612A00A2ECDD /* WCGScoresViewController.m */ = {isa = PBXFileReference; fileEncoding = 4; lastKnownFileType = sourcecode.c.objc; name = WCGScoresViewController.m; path = viewControllers/scores/WCGScoresViewController.m; sourceTree = "<group>"; };
		4EA18B2717D6612A00A2ECDD /* WCGScoresViewController.xib */ = {isa = PBXFileReference; fileEncoding = 4; lastKnownFileType = file.xib; name = WCGScoresViewController.xib; path = viewControllers/scores/WCGScoresViewController.xib; sourceTree = "<group>"; };
		4EF120AD17CCBE13007B651D /* WCGWorldStore.h */ = {isa = PBXFileReference; fileEncoding = 4; lastKnownFileType = sourcecode.c.h; path = WCGWorldStore.h; sourceTree = "<group>"; };
		4EF120AE17CCBE13007B651D /* WCGWorldStore.m */ = {isa = PBXFileReference; fileEncoding = 4; lastKnownFileType = sourcecode.c.objc; path = WCGWorldStore.m; sourceTree = "<group>"; };
		4EF120B017CDC7DB007B651D /* WCGRegion.h */ = {isa = PBXFileReference; fileEncoding = 4; lastKnownFileType = sourcecode.c.h; path = WCGRegion.h; sourceTree = "<group>"; };
		4EF120B117CDC7DB007B651D /* WCGRegion.m */ = {isa = PBXFileReference; fileEncoding = 4; lastKnownFileType = sourcecode.c.objc; path = WCGRegion.m; sourceTree = "<group>"; };
		4EF120BE17CE00D0007B651D /* WCGSettings.h */ = {isa = PBXFileReference; fileEncoding = 4; lastKnownFileType = sourcecode.c.h; path = WCGSettings.h; sourceTree = "<group>"; };
		4EF120BF17CE00D0007B651D /* WCGSettings.m */ = {isa = PBXFileReference; fileEncoding = 4; lastKnownFileType = sourcecode.c.objc; path = WCGSettings.m; sourceTree = "<group>"; };
		4EF120E217CF542C007B651D /* WCGCountry.h */ = {isa = PBXFileReference; fileEncoding = 4; lastKnownFileType = sourcecode.c.h; name = WCGCountry.h; path = db/WCGCountry.h; sourceTree = "<group>"; };
		4EF120E317CF542C007B651D /* WCGCountry.m */ = {isa = PBXFileReference; fileEncoding = 4; lastKnownFileType = sourcecode.c.objc; name = WCGCountry.m; path = db/WCGCountry.m; sourceTree = "<group>"; };
		4EF120E517CF5456007B651D /* WCGCity.h */ = {isa = PBXFileReference; fileEncoding = 4; lastKnownFileType = sourcecode.c.h; name = WCGCity.h; path = db/WCGCity.h; sourceTree = "<group>"; };
		4EF120E617CF5456007B651D /* WCGCity.m */ = {isa = PBXFileReference; fileEncoding = 4; lastKnownFileType = sourcecode.c.objc; name = WCGCity.m; path = db/WCGCity.m; sourceTree = "<group>"; };
/* End PBXFileReference section */

/* Begin PBXFrameworksBuildPhase section */
		4E1B66CF17BFF95900D47D39 /* Frameworks */ = {
			isa = PBXFrameworksBuildPhase;
			buildActionMask = 2147483647;
			files = (
				4EA18AFC17D65B5B00A2ECDD /* Security.framework in Frameworks */,
				4EA18AFA17D6558700A2ECDD /* AdSupport.framework in Frameworks */,
				4EA18AF817D6554C00A2ECDD /* SystemConfiguration.framework in Frameworks */,
				4EA18AED17D652F400A2ECDD /* CoreTelephony.framework in Frameworks */,
				4E1B671217C0F6FA00D47D39 /* CoreLocation.framework in Frameworks */,
				4E1B66FD17BFFA1600D47D39 /* MapKit.framework in Frameworks */,
				4E1B66D617BFF95900D47D39 /* UIKit.framework in Frameworks */,
				4E1B66D817BFF95900D47D39 /* Foundation.framework in Frameworks */,
				4E1B66DA17BFF95900D47D39 /* CoreGraphics.framework in Frameworks */,
				4E1B66DC17BFF95900D47D39 /* CoreData.framework in Frameworks */,
				4EA18AF617D654FC00A2ECDD /* libFlurry_4.2.3.a in Frameworks */,
			);
			runOnlyForDeploymentPostprocessing = 0;
		};
/* End PBXFrameworksBuildPhase section */

/* Begin PBXGroup section */
		4E1B66C917BFF95900D47D39 = {
			isa = PBXGroup;
			children = (
				4EA18AFB17D65B5B00A2ECDD /* Security.framework */,
				4EA18AF917D6558700A2ECDD /* AdSupport.framework */,
				4EA18AF717D6554C00A2ECDD /* SystemConfiguration.framework */,
				4EA18AEC17D652F400A2ECDD /* CoreTelephony.framework */,
				4EA18AE517D5C76D00A2ECDD /* Default-568h@2x.png */,
				4EA18AE317D5C76600A2ECDD /* Default@2x.png */,
				4EA18AE117D5C75E00A2ECDD /* Default.png */,
				4EA18ADF17D5C74800A2ECDD /* Default-Portrait@2x~ipad.png */,
				4EA18ADD17D5C74000A2ECDD /* Default-Portrait~ipad.png */,
				4EA18ADB17D5C71800A2ECDD /* wcg_144_144.png */,
				4EA18AD917D5C71200A2ECDD /* wcg_72_72.png */,
				4EA18AD217D4D8AF00A2ECDD /* store.wolrdcitiesgame */,
				4E1B671117C0F6FA00D47D39 /* CoreLocation.framework */,
				4E1B66FC17BFFA1600D47D39 /* MapKit.framework */,
				4E1B66DD17BFF95900D47D39 /* World Cities Game */,
				4E1B66D417BFF95900D47D39 /* Frameworks */,
				4E1B66D317BFF95900D47D39 /* Products */,
			);
			sourceTree = "<group>";
		};
		4E1B66D317BFF95900D47D39 /* Products */ = {
			isa = PBXGroup;
			children = (
				4E1B66D217BFF95900D47D39 /* World Cities Game.app */,
			);
			name = Products;
			sourceTree = "<group>";
		};
		4E1B66D417BFF95900D47D39 /* Frameworks */ = {
			isa = PBXGroup;
			children = (
				4E1B66D517BFF95900D47D39 /* UIKit.framework */,
				4E1B66D717BFF95900D47D39 /* Foundation.framework */,
				4E1B66D917BFF95900D47D39 /* CoreGraphics.framework */,
				4E1B66DB17BFF95900D47D39 /* CoreData.framework */,
			);
			name = Frameworks;
			sourceTree = "<group>";
		};
		4E1B66DD17BFF95900D47D39 /* World Cities Game */ = {
			isa = PBXGroup;
			children = (
				4EF120C717CE17E6007B651D /* Countries */,
				4EF120C117CE1534007B651D /* Scores */,
				4E1B670717BFFB6A00D47D39 /* db */,
				4E1B66E617BFF95900D47D39 /* WCGAppDelegate.h */,
				4E1B66E717BFF95900D47D39 /* WCGAppDelegate.m */,
				4E1B66DE17BFF95900D47D39 /* Supporting Files */,
				4EF120B917CDF6AD007B651D /* TextView */,
				4EF120BA17CDF6C0007B651D /* Buy */,
				4EF120BC17CDF704007B651D /* Start */,
				4EF120BB17CDF6F5007B651D /* Regions */,
				4EF120BD17CDF70F007B651D /* Map */,
				4EF120B817CDF699007B651D /* Settings */,
			);
			path = "World Cities Game";
			sourceTree = "<group>";
		};
		4E1B66DE17BFF95900D47D39 /* Supporting Files */ = {
			isa = PBXGroup;
			children = (
				4EA18AF317D654EE00A2ECDD /* flurry */,
				4EA18AE717D6527B00A2ECDD /* countly */,
				4EA18AD417D5C4C800A2ECDD /* img */,
				4E1B66DF17BFF95900D47D39 /* World Cities Game-Info.plist */,
				4E1B66E017BFF95900D47D39 /* InfoPlist.strings */,
				4E1B66E317BFF95900D47D39 /* main.m */,
				4E1B66E517BFF95900D47D39 /* World Cities Game-Prefix.pch */,
				4E1B66E917BFF95900D47D39 /* Default.png */,
				4E1B66EB17BFF95900D47D39 /* Default@2x.png */,
				4E1B66ED17BFF95900D47D39 /* Default-568h@2x.png */,
			);
			name = "Supporting Files";
			sourceTree = "<group>";
		};
		4E1B670717BFFB6A00D47D39 /* db */ = {
			isa = PBXGroup;
			children = (
				4E1B66EF17BFF95900D47D39 /* World_Cities_Game.xcdatamodeld */,
				4EF120E517CF5456007B651D /* WCGCity.h */,
				4EF120E617CF5456007B651D /* WCGCity.m */,
				4EF120B017CDC7DB007B651D /* WCGRegion.h */,
				4EF120B117CDC7DB007B651D /* WCGRegion.m */,
				4EF120AD17CCBE13007B651D /* WCGWorldStore.h */,
				4EF120AE17CCBE13007B651D /* WCGWorldStore.m */,
				4EF120BE17CE00D0007B651D /* WCGSettings.h */,
				4EF120BF17CE00D0007B651D /* WCGSettings.m */,
				4EF120E217CF542C007B651D /* WCGCountry.h */,
				4EF120E317CF542C007B651D /* WCGCountry.m */,
			);
			name = db;
			sourceTree = "<group>";
		};
		4EA18AD417D5C4C800A2ECDD /* img */ = {
			isa = PBXGroup;
			children = (
				4EA18AD517D5C4D400A2ECDD /* wcg_5_nav.png */,
				4EA18AD617D5C4D400A2ECDD /* wcg_4_nav.png */,
			);
			name = img;
			sourceTree = "<group>";
		};
		4EA18AE717D6527B00A2ECDD /* countly */ = {
			isa = PBXGroup;
			children = (
				4EA18AE817D652D400A2ECDD /* Countly.h */,
				4EA18AF017D6544D00A2ECDD /* CountlyDB.h */,
				4EA18AF117D6544D00A2ECDD /* CountlyDB.m */,
				4EA18AE917D652D400A2ECDD /* Countly_OpenUDID.h */,
				4EA18AEA17D652D400A2ECDD /* Countly_OpenUDID.m */,
				4EA18AEB17D652D400A2ECDD /* Countly.m */,
			);
			name = countly;
			sourceTree = "<group>";
		};
		4EA18AF317D654EE00A2ECDD /* flurry */ = {
			isa = PBXGroup;
			children = (
				4EA18AF417D654FC00A2ECDD /* Flurry.h */,
				4EA18AF517D654FC00A2ECDD /* libFlurry_4.2.3.a */,
			);
			name = flurry;
			sourceTree = "<group>";
		};
		4EF120B817CDF699007B651D /* Settings */ = {
			isa = PBXGroup;
			children = (
				4EA18B1117D6600E00A2ECDD /* WCGSettingsViewController.h */,
				4EA18B1217D6600E00A2ECDD /* WCGSettingsViewController.m */,
				4EA18B1317D6600E00A2ECDD /* WCGSettingsViewController.xib */,
			);
			name = Settings;
			sourceTree = "<group>";
		};
		4EF120B917CDF6AD007B651D /* TextView */ = {
			isa = PBXGroup;
			children = (
				4EA18B2017D6611A00A2ECDD /* WCGTextViewController.h */,
				4EA18B2117D6611A00A2ECDD /* WCGTextViewController.m */,
				4EA18B2217D6611A00A2ECDD /* WCGTextViewController.xib */,
			);
			name = TextView;
			sourceTree = "<group>";
		};
		4EF120BA17CDF6C0007B651D /* Buy */ = {
			isa = PBXGroup;
			children = (
				4EA18B0717D65FE600A2ECDD /* WCGBuyViewController.h */,
				4EA18B0817D65FE600A2ECDD /* WCGBuyViewController.m */,
				4EA18B0917D65FE600A2ECDD /* WCGBuyViewController.xib */,
			);
			name = Buy;
			sourceTree = "<group>";
		};
		4EF120BB17CDF6F5007B651D /* Regions */ = {
			isa = PBXGroup;
			children = (
				4EA18B0217D65F7700A2ECDD /* WCGRegionsViewController.h */,
				4EA18B0317D65F7700A2ECDD /* WCGRegionsViewController.m */,
				4EA18B0417D65F7700A2ECDD /* WCGRegionsViewController.xib */,
			);
			name = Regions;
			sourceTree = "<group>";
		};
		4EF120BC17CDF704007B651D /* Start */ = {
			isa = PBXGroup;
			children = (
				4EA18B1617D6602600A2ECDD /* WCGStartViewController.h */,
				4EA18B1717D6602600A2ECDD /* WCGStartViewController.m */,
				4EA18B1817D6602600A2ECDD /* WCGStartViewController.xib */,
			);
			name = Start;
			sourceTree = "<group>";
		};
		4EF120BD17CDF70F007B651D /* Map */ = {
			isa = PBXGroup;
			children = (
				4EA18B0C17D65FF800A2ECDD /* WCGMapViewController.h */,
				4EA18B0D17D65FF800A2ECDD /* WCGMapViewController.m */,
				4EA18B0E17D65FF800A2ECDD /* WCGMapViewController.xib */,
			);
			name = Map;
			sourceTree = "<group>";
		};
		4EF120C117CE1534007B651D /* Scores */ = {
			isa = PBXGroup;
			children = (
				4EA18B2517D6612A00A2ECDD /* WCGScoresViewController.h */,
				4EA18B2617D6612A00A2ECDD /* WCGScoresViewController.m */,
				4EA18B2717D6612A00A2ECDD /* WCGScoresViewController.xib */,
			);
			name = Scores;
			sourceTree = "<group>";
		};
		4EF120C717CE17E6007B651D /* Countries */ = {
			isa = PBXGroup;
			children = (
				4EA18B1B17D6603C00A2ECDD /* WCGCountriesViewController.h */,
				4EA18B1C17D6603C00A2ECDD /* WCGCountriesViewController.m */,
				4EA18B1D17D6603C00A2ECDD /* WCGCountriesViewController.xib */,
			);
			name = Countries;
			sourceTree = "<group>";
		};
/* End PBXGroup section */

/* Begin PBXNativeTarget section */
		4E1B66D117BFF95900D47D39 /* World Cities Game */ = {
			isa = PBXNativeTarget;
			buildConfigurationList = 4E1B66F417BFF95900D47D39 /* Build configuration list for PBXNativeTarget "World Cities Game" */;
			buildPhases = (
				4E1B66CE17BFF95900D47D39 /* Sources */,
				4E1B66CF17BFF95900D47D39 /* Frameworks */,
				4E1B66D017BFF95900D47D39 /* Resources */,
			);
			buildRules = (
			);
			dependencies = (
			);
			name = "World Cities Game";
			productName = "World Cities Game";
			productReference = 4E1B66D217BFF95900D47D39 /* World Cities Game.app */;
			productType = "com.apple.product-type.application";
		};
/* End PBXNativeTarget section */

/* Begin PBXProject section */
		4E1B66CA17BFF95900D47D39 /* Project object */ = {
			isa = PBXProject;
			attributes = {
				CLASSPREFIX = WCG;
				LastUpgradeCheck = 0460;
				ORGANIZATIONNAME = "Alexandra Pozdnyakova";
			};
			buildConfigurationList = 4E1B66CD17BFF95900D47D39 /* Build configuration list for PBXProject "World Cities Game" */;
			compatibilityVersion = "Xcode 3.2";
			developmentRegion = English;
			hasScannedForEncodings = 0;
			knownRegions = (
				en,
			);
			mainGroup = 4E1B66C917BFF95900D47D39;
			productRefGroup = 4E1B66D317BFF95900D47D39 /* Products */;
			projectDirPath = "";
			projectRoot = "";
			targets = (
				4E1B66D117BFF95900D47D39 /* World Cities Game */,
			);
		};
/* End PBXProject section */

/* Begin PBXResourcesBuildPhase section */
		4E1B66D017BFF95900D47D39 /* Resources */ = {
			isa = PBXResourcesBuildPhase;
			buildActionMask = 2147483647;
			files = (
				4E1B66E217BFF95900D47D39 /* InfoPlist.strings in Resources */,
				4EA18AD317D4D8AF00A2ECDD /* store.wolrdcitiesgame in Resources */,
				4EA18AD717D5C4D400A2ECDD /* wcg_5_nav.png in Resources */,
				4EA18AD817D5C4D400A2ECDD /* wcg_4_nav.png in Resources */,
				4EA18ADA17D5C71200A2ECDD /* wcg_72_72.png in Resources */,
				4EA18ADC17D5C71800A2ECDD /* wcg_144_144.png in Resources */,
				4EA18ADE17D5C74000A2ECDD /* Default-Portrait~ipad.png in Resources */,
				4EA18AE017D5C74800A2ECDD /* Default-Portrait@2x~ipad.png in Resources */,
				4EA18AE217D5C75E00A2ECDD /* Default.png in Resources */,
				4EA18AE417D5C76600A2ECDD /* Default@2x.png in Resources */,
				4EA18AE617D5C76D00A2ECDD /* Default-568h@2x.png in Resources */,
				4EA18B0617D65F7700A2ECDD /* WCGRegionsViewController.xib in Resources */,
				4EA18B0B17D65FE600A2ECDD /* WCGBuyViewController.xib in Resources */,
				4EA18B1017D65FF800A2ECDD /* WCGMapViewController.xib in Resources */,
				4EA18B1517D6600E00A2ECDD /* WCGSettingsViewController.xib in Resources */,
				4EA18B1A17D6602600A2ECDD /* WCGStartViewController.xib in Resources */,
				4EA18B1F17D6603C00A2ECDD /* WCGCountriesViewController.xib in Resources */,
				4EA18B2417D6611A00A2ECDD /* WCGTextViewController.xib in Resources */,
				4EA18B2917D6612A00A2ECDD /* WCGScoresViewController.xib in Resources */,
			);
			runOnlyForDeploymentPostprocessing = 0;
		};
/* End PBXResourcesBuildPhase section */

/* Begin PBXSourcesBuildPhase section */
		4E1B66CE17BFF95900D47D39 /* Sources */ = {
			isa = PBXSourcesBuildPhase;
			buildActionMask = 2147483647;
			files = (
				4E1B66E417BFF95900D47D39 /* main.m in Sources */,
				4E1B66E817BFF95900D47D39 /* WCGAppDelegate.m in Sources */,
				4E1B66F117BFF95900D47D39 /* World_Cities_Game.xcdatamodeld in Sources */,
				4EF120AF17CCBE13007B651D /* WCGWorldStore.m in Sources */,
				4EF120B217CDC7DB007B651D /* WCGRegion.m in Sources */,
				4EF120C017CE00D0007B651D /* WCGSettings.m in Sources */,
				4EF120E417CF542D007B651D /* WCGCountry.m in Sources */,
				4EF120E717CF5456007B651D /* WCGCity.m in Sources */,
				4EA18AEE17D653D400A2ECDD /* Countly_OpenUDID.m in Sources */,
				4EA18AEF17D653D700A2ECDD /* Countly.m in Sources */,
				4EA18AF217D6544D00A2ECDD /* CountlyDB.m in Sources */,
				4EA18B0517D65F7700A2ECDD /* WCGRegionsViewController.m in Sources */,
				4EA18B0A17D65FE600A2ECDD /* WCGBuyViewController.m in Sources */,
				4EA18B0F17D65FF800A2ECDD /* WCGMapViewController.m in Sources */,
				4EA18B1417D6600E00A2ECDD /* WCGSettingsViewController.m in Sources */,
				4EA18B1917D6602600A2ECDD /* WCGStartViewController.m in Sources */,
				4EA18B1E17D6603C00A2ECDD /* WCGCountriesViewController.m in Sources */,
				4EA18B2317D6611A00A2ECDD /* WCGTextViewController.m in Sources */,
				4EA18B2817D6612A00A2ECDD /* WCGScoresViewController.m in Sources */,
			);
			runOnlyForDeploymentPostprocessing = 0;
		};
/* End PBXSourcesBuildPhase section */

/* Begin PBXVariantGroup section */
		4E1B66E017BFF95900D47D39 /* InfoPlist.strings */ = {
			isa = PBXVariantGroup;
			children = (
				4E1B66E117BFF95900D47D39 /* en */,
			);
			name = InfoPlist.strings;
			sourceTree = "<group>";
		};
/* End PBXVariantGroup section */

/* Begin XCBuildConfiguration section */
		4E1B66F217BFF95900D47D39 /* Debug */ = {
			isa = XCBuildConfiguration;
			buildSettings = {
				ALWAYS_SEARCH_USER_PATHS = NO;
				CLANG_CXX_LANGUAGE_STANDARD = "gnu++0x";
				CLANG_CXX_LIBRARY = "libc++";
				CLANG_ENABLE_OBJC_ARC = YES;
				CLANG_WARN_CONSTANT_CONVERSION = YES;
				CLANG_WARN_EMPTY_BODY = YES;
				CLANG_WARN_ENUM_CONVERSION = YES;
				CLANG_WARN_INT_CONVERSION = YES;
				CLANG_WARN__DUPLICATE_METHOD_MATCH = YES;
				"CODE_SIGN_IDENTITY[sdk=iphoneos*]" = "iPhone Developer";
				COPY_PHASE_STRIP = NO;
				GCC_C_LANGUAGE_STANDARD = gnu99;
				GCC_DYNAMIC_NO_PIC = NO;
				GCC_OPTIMIZATION_LEVEL = 0;
				GCC_PREPROCESSOR_DEFINITIONS = (
					"DEBUG=1",
					"$(inherited)",
				);
				GCC_SYMBOLS_PRIVATE_EXTERN = NO;
				GCC_WARN_ABOUT_RETURN_TYPE = YES;
				GCC_WARN_UNINITIALIZED_AUTOS = YES;
				GCC_WARN_UNUSED_VARIABLE = YES;
				IPHONEOS_DEPLOYMENT_TARGET = 6.1;
				ONLY_ACTIVE_ARCH = YES;
				SDKROOT = iphoneos;
				TARGETED_DEVICE_FAMILY = "1,2";
			};
			name = Debug;
		};
		4E1B66F317BFF95900D47D39 /* Release */ = {
			isa = XCBuildConfiguration;
			buildSettings = {
				ALWAYS_SEARCH_USER_PATHS = NO;
				CLANG_CXX_LANGUAGE_STANDARD = "gnu++0x";
				CLANG_CXX_LIBRARY = "libc++";
				CLANG_ENABLE_OBJC_ARC = YES;
				CLANG_WARN_CONSTANT_CONVERSION = YES;
				CLANG_WARN_EMPTY_BODY = YES;
				CLANG_WARN_ENUM_CONVERSION = YES;
				CLANG_WARN_INT_CONVERSION = YES;
				CLANG_WARN__DUPLICATE_METHOD_MATCH = YES;
				"CODE_SIGN_IDENTITY[sdk=iphoneos*]" = "iPhone Developer";
				COPY_PHASE_STRIP = YES;
				GCC_C_LANGUAGE_STANDARD = gnu99;
				GCC_WARN_ABOUT_RETURN_TYPE = YES;
				GCC_WARN_UNINITIALIZED_AUTOS = YES;
				GCC_WARN_UNUSED_VARIABLE = YES;
				IPHONEOS_DEPLOYMENT_TARGET = 6.1;
				OTHER_CFLAGS = "-DNS_BLOCK_ASSERTIONS=1";
				SDKROOT = iphoneos;
				TARGETED_DEVICE_FAMILY = "1,2";
				VALIDATE_PRODUCT = YES;
			};
			name = Release;
		};
		4E1B66F517BFF95900D47D39 /* Debug */ = {
			isa = XCBuildConfiguration;
			buildSettings = {
				GCC_PRECOMPILE_PREFIX_HEADER = YES;
				GCC_PREFIX_HEADER = "World Cities Game/World Cities Game-Prefix.pch";
				INFOPLIST_FILE = "World Cities Game/World Cities Game-Info.plist";
				LIBRARY_SEARCH_PATHS = (
					"$(inherited)",
					"\"$(SRCROOT)/World Cities Game/Flurry\"",
				);
				PRODUCT_NAME = "$(TARGET_NAME)";
				WRAPPER_EXTENSION = app;
			};
			name = Debug;
		};
		4E1B66F617BFF95900D47D39 /* Release */ = {
			isa = XCBuildConfiguration;
			buildSettings = {
				GCC_PRECOMPILE_PREFIX_HEADER = YES;
				GCC_PREFIX_HEADER = "World Cities Game/World Cities Game-Prefix.pch";
				INFOPLIST_FILE = "World Cities Game/World Cities Game-Info.plist";
				LIBRARY_SEARCH_PATHS = (
					"$(inherited)",
					"\"$(SRCROOT)/World Cities Game/Flurry\"",
				);
				PRODUCT_NAME = "$(TARGET_NAME)";
				WRAPPER_EXTENSION = app;
			};
			name = Release;
		};
/* End XCBuildConfiguration section */

/* Begin XCConfigurationList section */
		4E1B66CD17BFF95900D47D39 /* Build configuration list for PBXProject "World Cities Game" */ = {
			isa = XCConfigurationList;
			buildConfigurations = (
				4E1B66F217BFF95900D47D39 /* Debug */,
				4E1B66F317BFF95900D47D39 /* Release */,
			);
			defaultConfigurationIsVisible = 0;
			defaultConfigurationName = Release;
		};
		4E1B66F417BFF95900D47D39 /* Build configuration list for PBXNativeTarget "World Cities Game" */ = {
			isa = XCConfigurationList;
			buildConfigurations = (
				4E1B66F517BFF95900D47D39 /* Debug */,
				4E1B66F617BFF95900D47D39 /* Release */,
			);
			defaultConfigurationIsVisible = 0;
			defaultConfigurationName = Release;
		};
/* End XCConfigurationList section */

/* Begin XCVersionGroup section */
		4E1B66EF17BFF95900D47D39 /* World_Cities_Game.xcdatamodeld */ = {
			isa = XCVersionGroup;
			children = (
				4E1B66F017BFF95900D47D39 /* World_Cities_Game.xcdatamodel */,
			);
			currentVersion = 4E1B66F017BFF95900D47D39 /* World_Cities_Game.xcdatamodel */;
			path = World_Cities_Game.xcdatamodeld;
			sourceTree = "<group>";
			versionGroupType = wrapper.xcdatamodel;
		};
/* End XCVersionGroup section */
	};
	rootObject = 4E1B66CA17BFF95900D47D39 /* Project object */;
}
